
Microsoft Visual Studio Solution File, Format Version 12.00
Project("{FAE04EC0-301F-11D3-BF4B-00C04F79EFBC}") = "SmolHttp", "SmolHttp\SmolHttp.csproj", "{F75EB7A6-0DE5-4A18-B449-6F0FAC2AF601}"
EndProject
Global
	GlobalSection(SolutionConfigurationPlatforms) = preSolution
		Debug|Any CPU = Debug|Any CPU
		Release|Any CPU = Release|Any CPU
	EndGlobalSection
	GlobalSection(ProjectConfigurationPlatforms) = postSolution
		{F75EB7A6-0DE5-4A18-B449-6F0FAC2AF601}.Debug|Any CPU.ActiveCfg = Debug|Any CPU
		{F75EB7A6-0DE5-4A18-B449-6F0FAC2AF601}.Debug|Any CPU.Build.0 = Debug|Any CPU
		{F75EB7A6-0DE5-4A18-B449-6F0FAC2AF601}.Release|Any CPU.ActiveCfg = Release|Any CPU
		{F75EB7A6-0DE5-4A18-B449-6F0FAC2AF601}.Release|Any CPU.Build.0 = Release|Any CPU
	EndGlobalSection
EndGlobal
